
Microsoft Visual Studio Solution File, Format Version 12.00
# Visual Studio Version 16
VisualStudioVersion = 16.0.31424.327
MinimumVisualStudioVersion = 10.0.40219.1
Project("{FAE04EC0-301F-11D3-BF4B-00C04F79EFBC}") = "PatientPortalSESA", "PatientPortalSESA\PatientPortalSESA.csproj", "{FFDE98C5-5336-460B-9B84-7412E9D16E54}"
EndProject
Global
	GlobalSection(SolutionConfigurationPlatforms) = preSolution
		Debug|Any CPU = Debug|Any CPU
		Release|Any CPU = Release|Any CPU
	EndGlobalSection
	GlobalSection(ProjectConfigurationPlatforms) = postSolution
		{FFDE98C5-5336-460B-9B84-7412E9D16E54}.Debug|Any CPU.ActiveCfg = Debug|Any CPU
		{FFDE98C5-5336-460B-9B84-7412E9D16E54}.Debug|Any CPU.Build.0 = Debug|Any CPU
		{FFDE98C5-5336-460B-9B84-7412E9D16E54}.Release|Any CPU.ActiveCfg = Release|Any CPU
		{FFDE98C5-5336-460B-9B84-7412E9D16E54}.Release|Any CPU.Build.0 = Release|Any CPU
	EndGlobalSection
	GlobalSection(SolutionProperties) = preSolution
		HideSolutionNode = FALSE
	EndGlobalSection
	GlobalSection(ExtensibilityGlobals) = postSolution
		SolutionGuid = {1254E8D8-F97E-4C2D-9B36-377C7B8CF552}
	EndGlobalSection
EndGlobal
